
Microsoft Visual Studio Solution File, Format Version 12.00
# Visual Studio 15
VisualStudioVersion = 15.0.28307.705
MinimumVisualStudioVersion = 10.0.40219.1
Project("{8BC9CEB8-8B4A-11D0-8D11-00A0C91BC942}") = "Project1", "Project1.vcxproj", "{AB01657C-757A-4E35-9FF3-E1EAF213AD02}"
EndProject
Global
	GlobalSection(SolutionConfigurationPlatforms) = preSolution
		Debug|x64 = Debug|x64
		Debug|x86 = Debug|x86
		Release|x64 = Release|x64
		Release|x86 = Release|x86
	EndGlobalSection
	GlobalSection(ProjectConfigurationPlatforms) = postSolution
		{AB01657C-757A-4E35-9FF3-E1EAF213AD02}.Debug|x64.ActiveCfg = Debug|x64
		{AB01657C-757A-4E35-9FF3-E1EAF213AD02}.Debug|x64.Build.0 = Debug|x64
		{AB01657C-757A-4E35-9FF3-E1EAF213AD02}.Debug|x86.ActiveCfg = Debug|Win32
		{AB01657C-757A-4E35-9FF3-E1EAF213AD02}.Debug|x86.Build.0 = Debug|Win32
		{AB01657C-757A-4E35-9FF3-E1EAF213AD02}.Release|x64.ActiveCfg = Release|x64
		{AB01657C-757A-4E35-9FF3-E1EAF213AD02}.Release|x64.Build.0 = Release|x64
		{AB01657C-757A-4E35-9FF3-E1EAF213AD02}.Release|x86.ActiveCfg = Release|Win32
		{AB01657C-757A-4E35-9FF3-E1EAF213AD02}.Release|x86.Build.0 = Release|Win32
	EndGlobalSection
	GlobalSection(SolutionProperties) = preSolution
		HideSolutionNode = FALSE
	EndGlobalSection
	GlobalSection(ExtensibilityGlobals) = postSolution
		SolutionGuid = {8D3ACB6F-4D3E-492F-83B3-4429D8E410C2}
	EndGlobalSection
EndGlobal
